
Microsoft Visual Studio Solution File, Format Version 12.00
# Visual Studio 15
VisualStudioVersion = 15.0.28307.489
MinimumVisualStudioVersion = 10.0.40219.1
Project("{FAE04EC0-301F-11D3-BF4B-00C04F79EFBC}") = "Visualizers", "Visualizers\Visualizers.csproj", "{CC32F141-FD6C-4CF5-80B3-46F89C70B814}"
EndProject
Global
	GlobalSection(SolutionConfigurationPlatforms) = preSolution
		Debug|Any CPU = Debug|Any CPU
		Release|Any CPU = Release|Any CPU
	EndGlobalSection
	GlobalSection(ProjectConfigurationPlatforms) = postSolution
		{CC32F141-FD6C-4CF5-80B3-46F89C70B814}.Debug|Any CPU.ActiveCfg = Debug|Any CPU
		{CC32F141-FD6C-4CF5-80B3-46F89C70B814}.Debug|Any CPU.Build.0 = Debug|Any CPU
		{CC32F141-FD6C-4CF5-80B3-46F89C70B814}.Release|Any CPU.ActiveCfg = Release|Any CPU
		{CC32F141-FD6C-4CF5-80B3-46F89C70B814}.Release|Any CPU.Build.0 = Release|Any CPU
	EndGlobalSection
	GlobalSection(SolutionProperties) = preSolution
		HideSolutionNode = FALSE
	EndGlobalSection
	GlobalSection(ExtensibilityGlobals) = postSolution
		SolutionGuid = {5F0E980A-01DD-4FFC-AB63-52DA7FB33061}
	EndGlobalSection
EndGlobal
